
Microsoft Visual Studio Solution File, Format Version 12.00
# Visual Studio 15
VisualStudioVersion = 15.0.28307.645
MinimumVisualStudioVersion = 10.0.40219.1
Project("{FAE04EC0-301F-11D3-BF4B-00C04F79EFBC}") = "CapaDatos", "CapaDatos\CapaDatos.csproj", "{9B2BE2E2-C0EE-45E9-894F-77DB11F7E716}"
EndProject
Project("{FAE04EC0-301F-11D3-BF4B-00C04F79EFBC}") = "CapaNegocio", "CapaNegocio\CapaNegocio.csproj", "{C6E4D085-4BAD-497D-8E94-4C232F3861F3}"
EndProject
Project("{FAE04EC0-301F-11D3-BF4B-00C04F79EFBC}") = "CapaPresentacion", "CapaPresentacion\CapaPresentacion.csproj", "{7DD3F9F7-B464-4DA7-B5B2-BDC388116CD6}"
EndProject
Project("{54435603-DBB4-11D2-8724-00A0C9A8B90C}") = "LibroCompras", "LibroCompras\LibroCompras.vdproj", "{4FD55556-C188-4D26-A830-591EE6E489F2}"
EndProject
Global
	GlobalSection(SolutionConfigurationPlatforms) = preSolution
		Debug|Any CPU = Debug|Any CPU
		Release|Any CPU = Release|Any CPU
	EndGlobalSection
	GlobalSection(ProjectConfigurationPlatforms) = postSolution
		{9B2BE2E2-C0EE-45E9-894F-77DB11F7E716}.Debug|Any CPU.ActiveCfg = Debug|Any CPU
		{9B2BE2E2-C0EE-45E9-894F-77DB11F7E716}.Debug|Any CPU.Build.0 = Debug|Any CPU
		{9B2BE2E2-C0EE-45E9-894F-77DB11F7E716}.Release|Any CPU.ActiveCfg = Release|Any CPU
		{9B2BE2E2-C0EE-45E9-894F-77DB11F7E716}.Release|Any CPU.Build.0 = Release|Any CPU
		{C6E4D085-4BAD-497D-8E94-4C232F3861F3}.Debug|Any CPU.ActiveCfg = Debug|Any CPU
		{C6E4D085-4BAD-497D-8E94-4C232F3861F3}.Debug|Any CPU.Build.0 = Debug|Any CPU
		{C6E4D085-4BAD-497D-8E94-4C232F3861F3}.Release|Any CPU.ActiveCfg = Release|Any CPU
		{C6E4D085-4BAD-497D-8E94-4C232F3861F3}.Release|Any CPU.Build.0 = Release|Any CPU
		{7DD3F9F7-B464-4DA7-B5B2-BDC388116CD6}.Debug|Any CPU.ActiveCfg = Debug|Any CPU
		{7DD3F9F7-B464-4DA7-B5B2-BDC388116CD6}.Debug|Any CPU.Build.0 = Debug|Any CPU
		{7DD3F9F7-B464-4DA7-B5B2-BDC388116CD6}.Release|Any CPU.ActiveCfg = Release|Any CPU
		{7DD3F9F7-B464-4DA7-B5B2-BDC388116CD6}.Release|Any CPU.Build.0 = Release|Any CPU
		{4FD55556-C188-4D26-A830-591EE6E489F2}.Debug|Any CPU.ActiveCfg = Debug
		{4FD55556-C188-4D26-A830-591EE6E489F2}.Release|Any CPU.ActiveCfg = Release
	EndGlobalSection
	GlobalSection(SolutionProperties) = preSolution
		HideSolutionNode = FALSE
	EndGlobalSection
	GlobalSection(ExtensibilityGlobals) = postSolution
		SolutionGuid = {AFA63C49-58BB-42C7-A290-FE3C030F2E21}
	EndGlobalSection
EndGlobal
